
Microsoft Visual Studio Solution File, Format Version 12.00
# Visual Studio Version 16
VisualStudioVersion = 16.0.32413.511
MinimumVisualStudioVersion = 10.0.40219.1
Project("{FAE04EC0-301F-11D3-BF4B-00C04F79EFBC}") = "UserManagerProject", "UserManagerProject\UserManagerProject.csproj", "{22BB6307-8F3C-4D66-B585-9A7DCAC6C5AE}"
EndProject
Global
	GlobalSection(SolutionConfigurationPlatforms) = preSolution
		Debug|Any CPU = Debug|Any CPU
		Release|Any CPU = Release|Any CPU
	EndGlobalSection
	GlobalSection(ProjectConfigurationPlatforms) = postSolution
		{22BB6307-8F3C-4D66-B585-9A7DCAC6C5AE}.Debug|Any CPU.ActiveCfg = Debug|Any CPU
		{22BB6307-8F3C-4D66-B585-9A7DCAC6C5AE}.Debug|Any CPU.Build.0 = Debug|Any CPU
		{22BB6307-8F3C-4D66-B585-9A7DCAC6C5AE}.Release|Any CPU.ActiveCfg = Release|Any CPU
		{22BB6307-8F3C-4D66-B585-9A7DCAC6C5AE}.Release|Any CPU.Build.0 = Release|Any CPU
	EndGlobalSection
	GlobalSection(SolutionProperties) = preSolution
		HideSolutionNode = FALSE
	EndGlobalSection
	GlobalSection(ExtensibilityGlobals) = postSolution
		SolutionGuid = {E4AE3368-82A1-4F13-AA9E-AE4CCEFB7FF6}
	EndGlobalSection
EndGlobal
